// !$*UTF8*$!
{
	archiveVersion = 1;
	classes = {
	};
	objectVersion = 77;
	objects = {

/* Begin PBXBuildFile section */
		716338F62E146A55005C6217 /* Moya in Frameworks */ = {isa = PBXBuildFile; productRef = 716338F52E146A55005C6217 /* Moya */; };
/* End PBXBuildFile section */

/* Begin PBXContainerItemProxy section */
		7164AD9B2E14225C002C79DC /* PBXContainerItemProxy */ = {
			isa = PBXContainerItemProxy;
			containerPortal = 7164AD792E142259002C79DC /* Project object */;
			proxyType = 1;
			remoteGlobalIDString = 7164AD802E142259002C79DC;
			remoteInfo = "Movie app";
		};
		7164ADA52E14225C002C79DC /* PBXContainerItemProxy */ = {
			isa = PBXContainerItemProxy;
			containerPortal = 7164AD792E142259002C79DC /* Project object */;
			proxyType = 1;
			remoteGlobalIDString = 7164AD802E142259002C79DC;
			remoteInfo = "Movie app";
		};
/* End PBXContainerItemProxy section */

/* Begin PBXFileReference section */
		7164AD812E142259002C79DC /* Movie app.app */ = {isa = PBXFileReference; explicitFileType = wrapper.application; includeInIndex = 0; path = "Movie app.app"; sourceTree = BUILT_PRODUCTS_DIR; };
		7164AD9A2E14225C002C79DC /* Movie appTests.xctest */ = {isa = PBXFileReference; explicitFileType = wrapper.cfbundle; includeInIndex = 0; path = "Movie appTests.xctest"; sourceTree = BUILT_PRODUCTS_DIR; };
		7164ADA42E14225C002C79DC /* Movie appUITests.xctest */ = {isa = PBXFileReference; explicitFileType = wrapper.cfbundle; includeInIndex = 0; path = "Movie appUITests.xctest"; sourceTree = BUILT_PRODUCTS_DIR; };
/* End PBXFileReference section */

/* Begin PBXFileSystemSynchronizedBuildFileExceptionSet section */
		7164ADAC2E14225C002C79DC /* Exceptions for "Movie app" folder in "Movie app" target */ = {
			isa = PBXFileSystemSynchronizedBuildFileExceptionSet;
			membershipExceptions = (
				App/Info.plist,
			);
			target = 7164AD802E142259002C79DC /* Movie app */;
		};
/* End PBXFileSystemSynchronizedBuildFileExceptionSet section */

/* Begin PBXFileSystemSynchronizedRootGroup section */
		7164AD832E142259002C79DC /* Movie app */ = {
			isa = PBXFileSystemSynchronizedRootGroup;
			exceptions = (
				7164ADAC2E14225C002C79DC /* Exceptions for "Movie app" folder in "Movie app" target */,
			);
			path = "Movie app";
			sourceTree = "<group>";
		};
		7164AD9D2E14225C002C79DC /* Movie appTests */ = {
			isa = PBXFileSystemSynchronizedRootGroup;
			path = "Movie appTests";
			sourceTree = "<group>";
		};
		7164ADA72E14225C002C79DC /* Movie appUITests */ = {
			isa = PBXFileSystemSynchronizedRootGroup;
			path = "Movie appUITests";
			sourceTree = "<group>";
		};
/* End PBXFileSystemSynchronizedRootGroup section */

/* Begin PBXFrameworksBuildPhase section */
		7164AD7E2E142259002C79DC /* Frameworks */ = {
			isa = PBXFrameworksBuildPhase;
			buildActionMask = 2147483647;
			files = (
				716338F62E146A55005C6217 /* Moya in Frameworks */,
			);
			runOnlyForDeploymentPostprocessing = 0;
		};
		7164AD972E14225C002C79DC /* Frameworks */ = {
			isa = PBXFrameworksBuildPhase;
			buildActionMask = 2147483647;
			files = (
			);
			runOnlyForDeploymentPostprocessing = 0;
		};
		7164ADA12E14225C002C79DC /* Frameworks */ = {
			isa = PBXFrameworksBuildPhase;
			buildActionMask = 2147483647;
			files = (
			);
			runOnlyForDeploymentPostprocessing = 0;
		};
/* End PBXFrameworksBuildPhase section */

/* Begin PBXGroup section */
		7164AD782E142259002C79DC = {
			isa = PBXGroup;
			children = (
				7164AD832E142259002C79DC /* Movie app */,
				7164AD9D2E14225C002C79DC /* Movie appTests */,
				7164ADA72E14225C002C79DC /* Movie appUITests */,
				7164AD822E142259002C79DC /* Products */,
			);
			sourceTree = "<group>";
		};
		7164AD822E142259002C79DC /* Products */ = {
			isa = PBXGroup;
			children = (
				7164AD812E142259002C79DC /* Movie app.app */,
				7164AD9A2E14225C002C79DC /* Movie appTests.xctest */,
				7164ADA42E14225C002C79DC /* Movie appUITests.xctest */,
			);
			name = Products;
			sourceTree = "<group>";
		};
/* End PBXGroup section */

/* Begin PBXNativeTarget section */
		7164AD802E142259002C79DC /* Movie app */ = {
			isa = PBXNativeTarget;
			buildConfigurationList = 7164ADAD2E14225C002C79DC /* Build configuration list for PBXNativeTarget "Movie app" */;
			buildPhases = (
				7164AD7D2E142259002C79DC /* Sources */,
				7164AD7E2E142259002C79DC /* Frameworks */,
				7164AD7F2E142259002C79DC /* Resources */,
			);
			buildRules = (
			);
			dependencies = (
			);
			fileSystemSynchronizedGroups = (
				7164AD832E142259002C79DC /* Movie app */,
			);
			name = "Movie app";
			packageProductDependencies = (
				716338F32E146A55005C6217 /* CombineMoya */,
				716338F52E146A55005C6217 /* Moya */,
				716338F72E146A55005C6217 /* ReactiveMoya */,
				716338F92E146A55005C6217 /* RxMoya */,
			);
			productName = "Movie app";
			productReference = 7164AD812E142259002C79DC /* Movie app.app */;
			productType = "com.apple.product-type.application";
		};
		7164AD992E14225C002C79DC /* Movie appTests */ = {
			isa = PBXNativeTarget;
			buildConfigurationList = 7164ADB22E14225C002C79DC /* Build configuration list for PBXNativeTarget "Movie appTests" */;
			buildPhases = (
				7164AD962E14225C002C79DC /* Sources */,
				7164AD972E14225C002C79DC /* Frameworks */,
				7164AD982E14225C002C79DC /* Resources */,
			);
			buildRules = (
			);
			dependencies = (
				7164AD9C2E14225C002C79DC /* PBXTargetDependency */,
			);
			fileSystemSynchronizedGroups = (
				7164AD9D2E14225C002C79DC /* Movie appTests */,
			);
			name = "Movie appTests";
			packageProductDependencies = (
			);
			productName = "Movie appTests";
			productReference = 7164AD9A2E14225C002C79DC /* Movie appTests.xctest */;
			productType = "com.apple.product-type.bundle.unit-test";
		};
		7164ADA32E14225C002C79DC /* Movie appUITests */ = {
			isa = PBXNativeTarget;
			buildConfigurationList = 7164ADB52E14225C002C79DC /* Build configuration list for PBXNativeTarget "Movie appUITests" */;
			buildPhases = (
				7164ADA02E14225C002C79DC /* Sources */,
				7164ADA12E14225C002C79DC /* Frameworks */,
				7164ADA22E14225C002C79DC /* Resources */,
			);
			buildRules = (
			);
			dependencies = (
				7164ADA62E14225C002C79DC /* PBXTargetDependency */,
			);
			fileSystemSynchronizedGroups = (
				7164ADA72E14225C002C79DC /* Movie appUITests */,
			);
			name = "Movie appUITests";
			packageProductDependencies = (
			);
			productName = "Movie appUITests";
			productReference = 7164ADA42E14225C002C79DC /* Movie appUITests.xctest */;
			productType = "com.apple.product-type.bundle.ui-testing";
		};
/* End PBXNativeTarget section */

/* Begin PBXProject section */
		7164AD792E142259002C79DC /* Project object */ = {
			isa = PBXProject;
			attributes = {
				BuildIndependentTargetsInParallel = 1;
				LastSwiftUpdateCheck = 1640;
				LastUpgradeCheck = 1640;
				TargetAttributes = {
					7164AD802E142259002C79DC = {
						CreatedOnToolsVersion = 16.4;
					};
					7164AD992E14225C002C79DC = {
						CreatedOnToolsVersion = 16.4;
						TestTargetID = 7164AD802E142259002C79DC;
					};
					7164ADA32E14225C002C79DC = {
						CreatedOnToolsVersion = 16.4;
						TestTargetID = 7164AD802E142259002C79DC;
					};
				};
			};
			buildConfigurationList = 7164AD7C2E142259002C79DC /* Build configuration list for PBXProject "Movie app" */;
			developmentRegion = en;
			hasScannedForEncodings = 0;
			knownRegions = (
				en,
				Base,
			);
			mainGroup = 7164AD782E142259002C79DC;
			minimizedProjectReferenceProxies = 1;
			packageReferences = (
				716338E32E14636F005C6217 /* XCRemoteSwiftPackageReference "Moya" */,
			);
			preferredProjectObjectVersion = 77;
			productRefGroup = 7164AD822E142259002C79DC /* Products */;
			projectDirPath = "";
			projectRoot = "";
			targets = (
				7164AD802E142259002C79DC /* Movie app */,
				7164AD992E14225C002C79DC /* Movie appTests */,
				7164ADA32E14225C002C79DC /* Movie appUITests */,
			);
		};
/* End PBXProject section */

/* Begin PBXResourcesBuildPhase section */
		7164AD7F2E142259002C79DC /* Resources */ = {
			isa = PBXResourcesBuildPhase;
			buildActionMask = 2147483647;
			files = (
			);
			runOnlyForDeploymentPostprocessing = 0;
		};
		7164AD982E14225C002C79DC /* Resources */ = {
			isa = PBXResourcesBuildPhase;
			buildActionMask = 2147483647;
			files = (
			);
			runOnlyForDeploymentPostprocessing = 0;
		};
		7164ADA22E14225C002C79DC /* Resources */ = {
			isa = PBXResourcesBuildPhase;
			buildActionMask = 2147483647;
			files = (
			);
			runOnlyForDeploymentPostprocessing = 0;
		};
/* End PBXResourcesBuildPhase section */

/* Begin PBXSourcesBuildPhase section */
		7164AD7D2E142259002C79DC /* Sources */ = {
			isa = PBXSourcesBuildPhase;
			buildActionMask = 2147483647;
			files = (
			);
			runOnlyForDeploymentPostprocessing = 0;
		};
		7164AD962E14225C002C79DC /* Sources */ = {
			isa = PBXSourcesBuildPhase;
			buildActionMask = 2147483647;
			files = (
			);
			runOnlyForDeploymentPostprocessing = 0;
		};
		7164ADA02E14225C002C79DC /* Sources */ = {
			isa = PBXSourcesBuildPhase;
			buildActionMask = 2147483647;
			files = (
			);
			runOnlyForDeploymentPostprocessing = 0;
		};
/* End PBXSourcesBuildPhase section */

/* Begin PBXTargetDependency section */
		7164AD9C2E14225C002C79DC /* PBXTargetDependency */ = {
			isa = PBXTargetDependency;
			target = 7164AD802E142259002C79DC /* Movie app */;
			targetProxy = 7164AD9B2E14225C002C79DC /* PBXContainerItemProxy */;
		};
		7164ADA62E14225C002C79DC /* PBXTargetDependency */ = {
			isa = PBXTargetDependency;
			target = 7164AD802E142259002C79DC /* Movie app */;
			targetProxy = 7164ADA52E14225C002C79DC /* PBXContainerItemProxy */;
		};
/* End PBXTargetDependency section */

/* Begin XCBuildConfiguration section */
		7164ADAE2E14225C002C79DC /* Debug */ = {
			isa = XCBuildConfiguration;
			buildSettings = {
				ASSETCATALOG_COMPILER_APPICON_NAME = AppIcon;
				ASSETCATALOG_COMPILER_GLOBAL_ACCENT_COLOR_NAME = AccentColor;
				CODE_SIGN_STYLE = Automatic;
				CURRENT_PROJECT_VERSION = 1;
				DEVELOPMENT_TEAM = 3S8XBGK4SM;
				GENERATE_INFOPLIST_FILE = YES;
				INFOPLIST_FILE = "Movie app/App/Info.plist";
				INFOPLIST_KEY_UIApplicationSupportsIndirectInputEvents = YES;
				INFOPLIST_KEY_UILaunchStoryboardName = LaunchScreen;
				INFOPLIST_KEY_UISupportedInterfaceOrientations_iPad = "UIInterfaceOrientationPortrait UIInterfaceOrientationPortraitUpsideDown UIInterfaceOrientationLandscapeLeft UIInterfaceOrientationLandscapeRight";
				INFOPLIST_KEY_UISupportedInterfaceOrientations_iPhone = "UIInterfaceOrientationPortrait UIInterfaceOrientationLandscapeLeft UIInterfaceOrientationLandscapeRight";
				IPHONEOS_DEPLOYMENT_TARGET = 13;
				LD_RUNPATH_SEARCH_PATHS = (
					"$(inherited)",
					"@executable_path/Frameworks",
				);
				MARKETING_VERSION = 1.0;
				PRODUCT_BUNDLE_IDENTIFIER = "com.tea.Movie-app";
				PRODUCT_NAME = "$(TARGET_NAME)";
				SWIFT_EMIT_LOC_STRINGS = YES;
				SWIFT_VERSION = 5.0;
				TARGETED_DEVICE_FAMILY = "1,2";
			};
			name = Debug;
		};
		7164ADAF2E14225C002C79DC /* Release */ = {
			isa = XCBuildConfiguration;
			buildSettings = {
				ASSETCATALOG_COMPILER_APPICON_NAME = AppIcon;
				ASSETCATALOG_COMPILER_GLOBAL_ACCENT_COLOR_NAME = AccentColor;
				CODE_SIGN_STYLE = Automatic;
				CURRENT_PROJECT_VERSION = 1;
				DEVELOPMENT_TEAM = 3S8XBGK4SM;
				GENERATE_INFOPLIST_FILE = YES;
				INFOPLIST_FILE = "Movie app/App/Info.plist";
				INFOPLIST_KEY_UIApplicationSupportsIndirectInputEvents = YES;
				INFOPLIST_KEY_UILaunchStoryboardName = LaunchScreen;
				INFOPLIST_KEY_UISupportedInterfaceOrientations_iPad = "UIInterfaceOrientationPortrait UIInterfaceOrientationPortraitUpsideDown UIInterfaceOrientationLandscapeLeft UIInterfaceOrientationLandscapeRight";
				INFOPLIST_KEY_UISupportedInterfaceOrientations_iPhone = "UIInterfaceOrientationPortrait UIInterfaceOrientationLandscapeLeft UIInterfaceOrientationLandscapeRight";
				IPHONEOS_DEPLOYMENT_TARGET = 13;
				LD_RUNPATH_SEARCH_PATHS = (
					"$(inherited)",
					"@executable_path/Frameworks",
				);
				MARKETING_VERSION = 1.0;
				PRODUCT_BUNDLE_IDENTIFIER = "com.tea.Movie-app";
				PRODUCT_NAME = "$(TARGET_NAME)";
				SWIFT_EMIT_LOC_STRINGS = YES;
				SWIFT_VERSION = 5.0;
				TARGETED_DEVICE_FAMILY = "1,2";
			};
			name = Release;
		};
		7164ADB02E14225C002C79DC /* Debug */ = {
			isa = XCBuildConfiguration;
			buildSettings = {
				ALWAYS_SEARCH_USER_PATHS = NO;
				ASSETCATALOG_COMPILER_GENERATE_SWIFT_ASSET_SYMBOL_EXTENSIONS = YES;
				CLANG_ANALYZER_NONNULL = YES;
				CLANG_ANALYZER_NUMBER_OBJECT_CONVERSION = YES_AGGRESSIVE;
				CLANG_CXX_LANGUAGE_STANDARD = "gnu++20";
				CLANG_ENABLE_MODULES = YES;
				CLANG_ENABLE_OBJC_ARC = YES;
				CLANG_ENABLE_OBJC_WEAK = YES;
				CLANG_WARN_BLOCK_CAPTURE_AUTORELEASING = YES;
				CLANG_WARN_BOOL_CONVERSION = YES;
				CLANG_WARN_COMMA = YES;
				CLANG_WARN_CONSTANT_CONVERSION = YES;
				CLANG_WARN_DEPRECATED_OBJC_IMPLEMENTATIONS = YES;
				CLANG_WARN_DIRECT_OBJC_ISA_USAGE = YES_ERROR;
				CLANG_WARN_DOCUMENTATION_COMMENTS = YES;
				CLANG_WARN_EMPTY_BODY = YES;
				CLANG_WARN_ENUM_CONVERSION = YES;
				CLANG_WARN_INFINITE_RECURSION = YES;
				CLANG_WARN_INT_CONVERSION = YES;
				CLANG_WARN_NON_LITERAL_NULL_CONVERSION = YES;
				CLANG_WARN_OBJC_IMPLICIT_RETAIN_SELF = YES;
				CLANG_WARN_OBJC_LITERAL_CONVERSION = YES;
				CLANG_WARN_OBJC_ROOT_CLASS = YES_ERROR;
				CLANG_WARN_QUOTED_INCLUDE_IN_FRAMEWORK_HEADER = YES;
				CLANG_WARN_RANGE_LOOP_ANALYSIS = YES;
				CLANG_WARN_STRICT_PROTOTYPES = YES;
				CLANG_WARN_SUSPICIOUS_MOVE = YES;
				CLANG_WARN_UNGUARDED_AVAILABILITY = YES_AGGRESSIVE;
				CLANG_WARN_UNREACHABLE_CODE = YES;
				CLANG_WARN__DUPLICATE_METHOD_MATCH = YES;
				COPY_PHASE_STRIP = NO;
				DEBUG_INFORMATION_FORMAT = dwarf;
				DEVELOPMENT_TEAM = 3S8XBGK4SM;
				ENABLE_STRICT_OBJC_MSGSEND = YES;
				ENABLE_TESTABILITY = YES;
				ENABLE_USER_SCRIPT_SANDBOXING = YES;
				GCC_C_LANGUAGE_STANDARD = gnu17;
				GCC_DYNAMIC_NO_PIC = NO;
				GCC_NO_COMMON_BLOCKS = YES;
				GCC_OPTIMIZATION_LEVEL = 0;
				GCC_PREPROCESSOR_DEFINITIONS = (
					"DEBUG=1",
					"$(inherited)",
				);
				GCC_WARN_64_TO_32_BIT_CONVERSION = YES;
				GCC_WARN_ABOUT_RETURN_TYPE = YES_ERROR;
				GCC_WARN_UNDECLARED_SELECTOR = YES;
				GCC_WARN_UNINITIALIZED_AUTOS = YES_AGGRESSIVE;
				GCC_WARN_UNUSED_FUNCTION = YES;
				GCC_WARN_UNUSED_VARIABLE = YES;
				IPHONEOS_DEPLOYMENT_TARGET = 18.5;
				LOCALIZATION_PREFERS_STRING_CATALOGS = YES;
				MTL_ENABLE_DEBUG_INFO = INCLUDE_SOURCE;
				MTL_FAST_MATH = YES;
				ONLY_ACTIVE_ARCH = YES;
				SDKROOT = iphoneos;
				SWIFT_ACTIVE_COMPILATION_CONDITIONS = "DEBUG $(inherited)";
				SWIFT_OPTIMIZATION_LEVEL = "-Onone";
			};
			name = Debug;
		};
		7164ADB12E14225C002C79DC /* Release */ = {
			isa = XCBuildConfiguration;
			buildSettings = {
				ALWAYS_SEARCH_USER_PATHS = NO;
				ASSETCATALOG_COMPILER_GENERATE_SWIFT_ASSET_SYMBOL_EXTENSIONS = YES;
				CLANG_ANALYZER_NONNULL = YES;
				CLANG_ANALYZER_NUMBER_OBJECT_CONVERSION = YES_AGGRESSIVE;
				CLANG_CXX_LANGUAGE_STANDARD = "gnu++20";
				CLANG_ENABLE_MODULES = YES;
				CLANG_ENABLE_OBJC_ARC = YES;
				CLANG_ENABLE_OBJC_WEAK = YES;
				CLANG_WARN_BLOCK_CAPTURE_AUTORELEASING = YES;
				CLANG_WARN_BOOL_CONVERSION = YES;
				CLANG_WARN_COMMA = YES;
				CLANG_WARN_CONSTANT_CONVERSION = YES;
				CLANG_WARN_DEPRECATED_OBJC_IMPLEMENTATIONS = YES;
				CLANG_WARN_DIRECT_OBJC_ISA_USAGE = YES_ERROR;
				CLANG_WARN_DOCUMENTATION_COMMENTS = YES;
				CLANG_WARN_EMPTY_BODY = YES;
				CLANG_WARN_ENUM_CONVERSION = YES;
				CLANG_WARN_INFINITE_RECURSION = YES;
				CLANG_WARN_INT_CONVERSION = YES;
				CLANG_WARN_NON_LITERAL_NULL_CONVERSION = YES;
				CLANG_WARN_OBJC_IMPLICIT_RETAIN_SELF = YES;
				CLANG_WARN_OBJC_LITERAL_CONVERSION = YES;
				CLANG_WARN_OBJC_ROOT_CLASS = YES_ERROR;
				CLANG_WARN_QUOTED_INCLUDE_IN_FRAMEWORK_HEADER = YES;
				CLANG_WARN_RANGE_LOOP_ANALYSIS = YES;
				CLANG_WARN_STRICT_PROTOTYPES = YES;
				CLANG_WARN_SUSPICIOUS_MOVE = YES;
				CLANG_WARN_UNGUARDED_AVAILABILITY = YES_AGGRESSIVE;
				CLANG_WARN_UNREACHABLE_CODE = YES;
				CLANG_WARN__DUPLICATE_METHOD_MATCH = YES;
				COPY_PHASE_STRIP = NO;
				DEBUG_INFORMATION_FORMAT = "dwarf-with-dsym";
				DEVELOPMENT_TEAM = 3S8XBGK4SM;
				ENABLE_NS_ASSERTIONS = NO;
				ENABLE_STRICT_OBJC_MSGSEND = YES;
				ENABLE_USER_SCRIPT_SANDBOXING = YES;
				GCC_C_LANGUAGE_STANDARD = gnu17;
				GCC_NO_COMMON_BLOCKS = YES;
				GCC_WARN_64_TO_32_BIT_CONVERSION = YES;
				GCC_WARN_ABOUT_RETURN_TYPE = YES_ERROR;
				GCC_WARN_UNDECLARED_SELECTOR = YES;
				GCC_WARN_UNINITIALIZED_AUTOS = YES_AGGRESSIVE;
				GCC_WARN_UNUSED_FUNCTION = YES;
				GCC_WARN_UNUSED_VARIABLE = YES;
				IPHONEOS_DEPLOYMENT_TARGET = 18.5;
				LOCALIZATION_PREFERS_STRING_CATALOGS = YES;
				MTL_ENABLE_DEBUG_INFO = NO;
				MTL_FAST_MATH = YES;
				SDKROOT = iphoneos;
				SWIFT_COMPILATION_MODE = wholemodule;
				VALIDATE_PRODUCT = YES;
			};
			name = Release;
		};
		7164ADB32E14225C002C79DC /* Debug */ = {
			isa = XCBuildConfiguration;
			buildSettings = {
				BUNDLE_LOADER = "$(TEST_HOST)";
				CODE_SIGN_STYLE = Automatic;
				CURRENT_PROJECT_VERSION = 1;
				DEVELOPMENT_TEAM = 3S8XBGK4SM;
				GENERATE_INFOPLIST_FILE = YES;
				IPHONEOS_DEPLOYMENT_TARGET = 18.5;
				MARKETING_VERSION = 1.0;
				PRODUCT_BUNDLE_IDENTIFIER = "com.tea.Movie-appTests";
				PRODUCT_NAME = "$(TARGET_NAME)";
				SWIFT_EMIT_LOC_STRINGS = NO;
				SWIFT_VERSION = 5.0;
				TARGETED_DEVICE_FAMILY = "1,2";
				TEST_HOST = "$(BUILT_PRODUCTS_DIR)/Movie app.app/$(BUNDLE_EXECUTABLE_FOLDER_PATH)/Movie app";
			};
			name = Debug;
		};
		7164ADB42E14225C002C79DC /* Release */ = {
			isa = XCBuildConfiguration;
			buildSettings = {
				BUNDLE_LOADER = "$(TEST_HOST)";
				CODE_SIGN_STYLE = Automatic;
				CURRENT_PROJECT_VERSION = 1;
				DEVELOPMENT_TEAM = 3S8XBGK4SM;
				GENERATE_INFOPLIST_FILE = YES;
				IPHONEOS_DEPLOYMENT_TARGET = 18.5;
				MARKETING_VERSION = 1.0;
				PRODUCT_BUNDLE_IDENTIFIER = "com.tea.Movie-appTests";
				PRODUCT_NAME = "$(TARGET_NAME)";
				SWIFT_EMIT_LOC_STRINGS = NO;
				SWIFT_VERSION = 5.0;
				TARGETED_DEVICE_FAMILY = "1,2";
				TEST_HOST = "$(BUILT_PRODUCTS_DIR)/Movie app.app/$(BUNDLE_EXECUTABLE_FOLDER_PATH)/Movie app";
			};
			name = Release;
		};
		7164ADB62E14225C002C79DC /* Debug */ = {
			isa = XCBuildConfiguration;
			buildSettings = {
				CODE_SIGN_STYLE = Automatic;
				CURRENT_PROJECT_VERSION = 1;
				DEVELOPMENT_TEAM = 3S8XBGK4SM;
				GENERATE_INFOPLIST_FILE = YES;
				MARKETING_VERSION = 1.0;
				PRODUCT_BUNDLE_IDENTIFIER = "com.tea.Movie-appUITests";
				PRODUCT_NAME = "$(TARGET_NAME)";
				SWIFT_EMIT_LOC_STRINGS = NO;
				SWIFT_VERSION = 5.0;
				TARGETED_DEVICE_FAMILY = "1,2";
				TEST_TARGET_NAME = "Movie app";
			};
			name = Debug;
		};
		7164ADB72E14225C002C79DC /* Release */ = {
			isa = XCBuildConfiguration;
			buildSettings = {
				CODE_SIGN_STYLE = Automatic;
				CURRENT_PROJECT_VERSION = 1;
				DEVELOPMENT_TEAM = 3S8XBGK4SM;
				GENERATE_INFOPLIST_FILE = YES;
				MARKETING_VERSION = 1.0;
				PRODUCT_BUNDLE_IDENTIFIER = "com.tea.Movie-appUITests";
				PRODUCT_NAME = "$(TARGET_NAME)";
				SWIFT_EMIT_LOC_STRINGS = NO;
				SWIFT_VERSION = 5.0;
				TARGETED_DEVICE_FAMILY = "1,2";
				TEST_TARGET_NAME = "Movie app";
			};
			name = Release;
		};
/* End XCBuildConfiguration section */

/* Begin XCConfigurationList section */
		7164AD7C2E142259002C79DC /* Build configuration list for PBXProject "Movie app" */ = {
			isa = XCConfigurationList;
			buildConfigurations = (
				7164ADB02E14225C002C79DC /* Debug */,
				7164ADB12E14225C002C79DC /* Release */,
			);
			defaultConfigurationIsVisible = 0;
			defaultConfigurationName = Release;
		};
		7164ADAD2E14225C002C79DC /* Build configuration list for PBXNativeTarget "Movie app" */ = {
			isa = XCConfigurationList;
			buildConfigurations = (
				7164ADAE2E14225C002C79DC /* Debug */,
				7164ADAF2E14225C002C79DC /* Release */,
			);
			defaultConfigurationIsVisible = 0;
			defaultConfigurationName = Release;
		};
		7164ADB22E14225C002C79DC /* Build configuration list for PBXNativeTarget "Movie appTests" */ = {
			isa = XCConfigurationList;
			buildConfigurations = (
				7164ADB32E14225C002C79DC /* Debug */,
				7164ADB42E14225C002C79DC /* Release */,
			);
			defaultConfigurationIsVisible = 0;
			defaultConfigurationName = Release;
		};
		7164ADB52E14225C002C79DC /* Build configuration list for PBXNativeTarget "Movie appUITests" */ = {
			isa = XCConfigurationList;
			buildConfigurations = (
				7164ADB62E14225C002C79DC /* Debug */,
				7164ADB72E14225C002C79DC /* Release */,
			);
			defaultConfigurationIsVisible = 0;
			defaultConfigurationName = Release;
		};
/* End XCConfigurationList section */

/* Begin XCRemoteSwiftPackageReference section */
		716338E32E14636F005C6217 /* XCRemoteSwiftPackageReference "Moya" */ = {
			isa = XCRemoteSwiftPackageReference;
			repositoryURL = "https://github.com/Moya/Moya.git";
			requirement = {
				kind = upToNextMajorVersion;
				minimumVersion = 15.0.3;
			};
		};
/* End XCRemoteSwiftPackageReference section */

/* Begin XCSwiftPackageProductDependency section */
		716338F32E146A55005C6217 /* CombineMoya */ = {
			isa = XCSwiftPackageProductDependency;
			package = 716338E32E14636F005C6217 /* XCRemoteSwiftPackageReference "Moya" */;
			productName = CombineMoya;
		};
		716338F52E146A55005C6217 /* Moya */ = {
			isa = XCSwiftPackageProductDependency;
			package = 716338E32E14636F005C6217 /* XCRemoteSwiftPackageReference "Moya" */;
			productName = Moya;
		};
		716338F72E146A55005C6217 /* ReactiveMoya */ = {
			isa = XCSwiftPackageProductDependency;
			package = 716338E32E14636F005C6217 /* XCRemoteSwiftPackageReference "Moya" */;
			productName = ReactiveMoya;
		};
		716338F92E146A55005C6217 /* RxMoya */ = {
			isa = XCSwiftPackageProductDependency;
			package = 716338E32E14636F005C6217 /* XCRemoteSwiftPackageReference "Moya" */;
			productName = RxMoya;
		};
/* End XCSwiftPackageProductDependency section */
	};
	rootObject = 7164AD792E142259002C79DC /* Project object */;
}
